
Microsoft Visual Studio Solution File, Format Version 12.00
# Visual Studio Version 17
VisualStudioVersion = 17.14.36518.9 d17.14
MinimumVisualStudioVersion = 10.0.40219.1
Project("{FAE04EC0-301F-11D3-BF4B-00C04F79EFBC}") = "VendingMachineStateMachineAi", "VendingMachineStateMachineAi.csproj", "{6C3F3F4B-2A89-42DD-8111-B326219693F9}"
EndProject
Project("{FAE04EC0-301F-11D3-BF4B-00C04F79EFBC}") = "VendingMachineStateMachineAi.Tests", "..\VendingMachineStateMachineAi.Tests\VendingMachineStateMachineAi.Tests.csproj", "{0717F23B-1DF1-44FF-B7B2-B33D7B5E1451}"
EndProject
Global
	GlobalSection(SolutionConfigurationPlatforms) = preSolution
		Debug|Any CPU = Debug|Any CPU
		Release|Any CPU = Release|Any CPU
	EndGlobalSection
	GlobalSection(ProjectConfigurationPlatforms) = postSolution
		{6C3F3F4B-2A89-42DD-8111-B326219693F9}.Debug|Any CPU.ActiveCfg = Debug|Any CPU
		{6C3F3F4B-2A89-42DD-8111-B326219693F9}.Debug|Any CPU.Build.0 = Debug|Any CPU
		{6C3F3F4B-2A89-42DD-8111-B326219693F9}.Release|Any CPU.ActiveCfg = Release|Any CPU
		{6C3F3F4B-2A89-42DD-8111-B326219693F9}.Release|Any CPU.Build.0 = Release|Any CPU
		{0717F23B-1DF1-44FF-B7B2-B33D7B5E1451}.Debug|Any CPU.ActiveCfg = Debug|Any CPU
		{0717F23B-1DF1-44FF-B7B2-B33D7B5E1451}.Debug|Any CPU.Build.0 = Debug|Any CPU
		{0717F23B-1DF1-44FF-B7B2-B33D7B5E1451}.Release|Any CPU.ActiveCfg = Release|Any CPU
		{0717F23B-1DF1-44FF-B7B2-B33D7B5E1451}.Release|Any CPU.Build.0 = Release|Any CPU
	EndGlobalSection
	GlobalSection(SolutionProperties) = preSolution
		HideSolutionNode = FALSE
	EndGlobalSection
	GlobalSection(ExtensibilityGlobals) = postSolution
		SolutionGuid = {368DB869-3285-42AC-AFB1-13C1A5794187}
	EndGlobalSection
EndGlobal
