
Microsoft Visual Studio Solution File, Format Version 12.00
# Visual Studio Version 17
VisualStudioVersion = 17.14.36518.9 d17.14
MinimumVisualStudioVersion = 10.0.40219.1
Project("{FAE04EC0-301F-11D3-BF4B-00C04F79EFBC}") = "VendingMachineEventDriven", "VendingMachineEventDriven.csproj", "{4E17EC5A-D828-458D-8D09-EE5F3C4A3278}"
EndProject
Project("{2150E333-8FDC-42A3-9474-1A3956D46DE8}") = "Prompts", "Prompts", "{02EA681E-C7D8-13C7-8484-4AC65E1B71E8}"
	ProjectSection(SolutionItems) = preProject
		VendingMachineEventDriven.md = VendingMachineEventDriven.md
	EndProjectSection
EndProject
Project("{FAE04EC0-301F-11D3-BF4B-00C04F79EFBC}") = "VendingMachineEventDriven.Tests", "..\VendingMachineEventDrivenAi.Tests\VendingMachineEventDriven.Tests.csproj", "{1EC6A628-1A40-43F9-AC38-157D05567E4E}"
EndProject
Global
	GlobalSection(SolutionConfigurationPlatforms) = preSolution
		Debug|Any CPU = Debug|Any CPU
		Release|Any CPU = Release|Any CPU
	EndGlobalSection
	GlobalSection(ProjectConfigurationPlatforms) = postSolution
		{4E17EC5A-D828-458D-8D09-EE5F3C4A3278}.Debug|Any CPU.ActiveCfg = Debug|Any CPU
		{4E17EC5A-D828-458D-8D09-EE5F3C4A3278}.Debug|Any CPU.Build.0 = Debug|Any CPU
		{4E17EC5A-D828-458D-8D09-EE5F3C4A3278}.Release|Any CPU.ActiveCfg = Release|Any CPU
		{4E17EC5A-D828-458D-8D09-EE5F3C4A3278}.Release|Any CPU.Build.0 = Release|Any CPU
		{1EC6A628-1A40-43F9-AC38-157D05567E4E}.Debug|Any CPU.ActiveCfg = Debug|Any CPU
		{1EC6A628-1A40-43F9-AC38-157D05567E4E}.Debug|Any CPU.Build.0 = Debug|Any CPU
		{1EC6A628-1A40-43F9-AC38-157D05567E4E}.Release|Any CPU.ActiveCfg = Release|Any CPU
		{1EC6A628-1A40-43F9-AC38-157D05567E4E}.Release|Any CPU.Build.0 = Release|Any CPU
	EndGlobalSection
	GlobalSection(SolutionProperties) = preSolution
		HideSolutionNode = FALSE
	EndGlobalSection
	GlobalSection(ExtensibilityGlobals) = postSolution
		SolutionGuid = {D7494107-5BFF-43A9-9479-65407BB96D29}
	EndGlobalSection
EndGlobal
